// !$*UTF8*$!
{
	archiveVersion = 1;
	classes = {
	};
	objectVersion = 46;
	objects = {

/* Begin PBXBuildFile section */
		7456351D1D46F83B003FF09D /* main.c in Sources */ = {isa = PBXBuildFile; fileRef = 745635141D46F83B003FF09D /* main.c */; };
		7456352C1D49E0A3003FF09D /* SqList.c in Sources */ = {isa = PBXBuildFile; fileRef = 7456352A1D49E0A3003FF09D /* SqList.c */; };
		7456352F1D49E0AB003FF09D /* SNList.c in Sources */ = {isa = PBXBuildFile; fileRef = 7456352D1D49E0AB003FF09D /* SNList.c */; };
		745635321D49E0B3003FF09D /* SLQueue.c in Sources */ = {isa = PBXBuildFile; fileRef = 745635301D49E0B3003FF09D /* SLQueue.c */; };
		745635351D49E0BC003FF09D /* SqStack.c in Sources */ = {isa = PBXBuildFile; fileRef = 745635331D49E0BC003FF09D /* SqStack.c */; };
		745635381D49E11E003FF09D /* BiTree.c in Sources */ = {isa = PBXBuildFile; fileRef = 745635361D49E11E003FF09D /* BiTree.c */; };
/* End PBXBuildFile section */

/* Begin PBXCopyFilesBuildPhase section */
		745635081D46F7F3003FF09D /* CopyFiles */ = {
			isa = PBXCopyFilesBuildPhase;
			buildActionMask = 2147483647;
			dstPath = /usr/share/man/man1/;
			dstSubfolderSpec = 0;
			files = (
			);
			runOnlyForDeploymentPostprocessing = 1;
		};
/* End PBXCopyFilesBuildPhase section */

/* Begin PBXFileReference section */
		7456350A1D46F7F3003FF09D /* C_DataStructures */ = {isa = PBXFileReference; explicitFileType = "compiled.mach-o.executable"; includeInIndex = 0; path = C_DataStructures; sourceTree = BUILT_PRODUCTS_DIR; };
		745635141D46F83B003FF09D /* main.c */ = {isa = PBXFileReference; fileEncoding = 4; lastKnownFileType = sourcecode.c.c; path = main.c; sourceTree = "<group>"; };
		7456352A1D49E0A3003FF09D /* SqList.c */ = {isa = PBXFileReference; fileEncoding = 4; lastKnownFileType = sourcecode.c.c; path = SqList.c; sourceTree = "<group>"; };
		7456352B1D49E0A3003FF09D /* SqList.h */ = {isa = PBXFileReference; fileEncoding = 4; lastKnownFileType = sourcecode.c.h; path = SqList.h; sourceTree = "<group>"; };
		7456352D1D49E0AB003FF09D /* SNList.c */ = {isa = PBXFileReference; fileEncoding = 4; lastKnownFileType = sourcecode.c.c; path = SNList.c; sourceTree = "<group>"; };
		7456352E1D49E0AB003FF09D /* SNList.h */ = {isa = PBXFileReference; fileEncoding = 4; lastKnownFileType = sourcecode.c.h; path = SNList.h; sourceTree = "<group>"; };
		745635301D49E0B3003FF09D /* SLQueue.c */ = {isa = PBXFileReference; fileEncoding = 4; lastKnownFileType = sourcecode.c.c; path = SLQueue.c; sourceTree = "<group>"; };
		745635311D49E0B3003FF09D /* SLQueue.h */ = {isa = PBXFileReference; fileEncoding = 4; lastKnownFileType = sourcecode.c.h; path = SLQueue.h; sourceTree = "<group>"; };
		745635331D49E0BC003FF09D /* SqStack.c */ = {isa = PBXFileReference; fileEncoding = 4; lastKnownFileType = sourcecode.c.c; path = SqStack.c; sourceTree = "<group>"; };
		745635341D49E0BC003FF09D /* SqStack.h */ = {isa = PBXFileReference; fileEncoding = 4; lastKnownFileType = sourcecode.c.h; path = SqStack.h; sourceTree = "<group>"; };
		745635361D49E11E003FF09D /* BiTree.c */ = {isa = PBXFileReference; fileEncoding = 4; lastKnownFileType = sourcecode.c.c; path = BiTree.c; sourceTree = "<group>"; };
		745635371D49E11E003FF09D /* BiTree.h */ = {isa = PBXFileReference; fileEncoding = 4; lastKnownFileType = sourcecode.c.h; path = BiTree.h; sourceTree = "<group>"; };
/* End PBXFileReference section */

/* Begin PBXFrameworksBuildPhase section */
		745635071D46F7F3003FF09D /* Frameworks */ = {
			isa = PBXFrameworksBuildPhase;
			buildActionMask = 2147483647;
			files = (
			);
			runOnlyForDeploymentPostprocessing = 0;
		};
/* End PBXFrameworksBuildPhase section */

/* Begin PBXGroup section */
		745635011D46F7F2003FF09D = {
			isa = PBXGroup;
			children = (
				7456350C1D46F7F3003FF09D /* C_DataStructures */,
				7456350B1D46F7F3003FF09D /* Products */,
			);
			sourceTree = "<group>";
		};
		7456350B1D46F7F3003FF09D /* Products */ = {
			isa = PBXGroup;
			children = (
				7456350A1D46F7F3003FF09D /* C_DataStructures */,
			);
			name = Products;
			sourceTree = "<group>";
		};
		7456350C1D46F7F3003FF09D /* C_DataStructures */ = {
			isa = PBXGroup;
			children = (
				745635141D46F83B003FF09D /* main.c */,
				745635261D49DF21003FF09D /* 顺序表 */,
				745635291D49DF4D003FF09D /* 链表 */,
				745635281D49DF42003FF09D /* 队列 */,
				745635271D49DF34003FF09D /* 栈 */,
				745635251D49DF0D003FF09D /* 二叉树 */,
			);
			path = C_DataStructures;
			sourceTree = "<group>";
		};
		745635251D49DF0D003FF09D /* 二叉树 */ = {
			isa = PBXGroup;
			children = (
				745635361D49E11E003FF09D /* BiTree.c */,
				745635371D49E11E003FF09D /* BiTree.h */,
			);
			path = "二叉树";
			sourceTree = "<group>";
		};
		745635261D49DF21003FF09D /* 顺序表 */ = {
			isa = PBXGroup;
			children = (
				7456352A1D49E0A3003FF09D /* SqList.c */,
				7456352B1D49E0A3003FF09D /* SqList.h */,
			);
			path = "顺序表";
			sourceTree = "<group>";
		};
		745635271D49DF34003FF09D /* 栈 */ = {
			isa = PBXGroup;
			children = (
				745635331D49E0BC003FF09D /* SqStack.c */,
				745635341D49E0BC003FF09D /* SqStack.h */,
			);
			path = "栈";
			sourceTree = "<group>";
		};
		745635281D49DF42003FF09D /* 队列 */ = {
			isa = PBXGroup;
			children = (
				745635301D49E0B3003FF09D /* SLQueue.c */,
				745635311D49E0B3003FF09D /* SLQueue.h */,
			);
			path = "队列";
			sourceTree = "<group>";
		};
		745635291D49DF4D003FF09D /* 链表 */ = {
			isa = PBXGroup;
			children = (
				7456352D1D49E0AB003FF09D /* SNList.c */,
				7456352E1D49E0AB003FF09D /* SNList.h */,
			);
			path = "链表";
			sourceTree = "<group>";
		};
/* End PBXGroup section */

/* Begin PBXNativeTarget section */
		745635091D46F7F3003FF09D /* C_DataStructures */ = {
			isa = PBXNativeTarget;
			buildConfigurationList = 745635111D46F7F3003FF09D /* Build configuration list for PBXNativeTarget "C_DataStructures" */;
			buildPhases = (
				745635061D46F7F3003FF09D /* Sources */,
				745635071D46F7F3003FF09D /* Frameworks */,
				745635081D46F7F3003FF09D /* CopyFiles */,
			);
			buildRules = (
			);
			dependencies = (
			);
			name = C_DataStructures;
			productName = C_DataStructures;
			productReference = 7456350A1D46F7F3003FF09D /* C_DataStructures */;
			productType = "com.apple.product-type.tool";
		};
/* End PBXNativeTarget section */

/* Begin PBXProject section */
		745635021D46F7F2003FF09D /* Project object */ = {
			isa = PBXProject;
			attributes = {
				LastUpgradeCheck = 0730;
				ORGANIZATIONNAME = "___CHEN___";
				TargetAttributes = {
					745635091D46F7F3003FF09D = {
						CreatedOnToolsVersion = 7.3.1;
					};
				};
			};
			buildConfigurationList = 745635051D46F7F2003FF09D /* Build configuration list for PBXProject "C_DataStructures" */;
			compatibilityVersion = "Xcode 3.2";
			developmentRegion = English;
			hasScannedForEncodings = 0;
			knownRegions = (
				en,
			);
			mainGroup = 745635011D46F7F2003FF09D;
			productRefGroup = 7456350B1D46F7F3003FF09D /* Products */;
			projectDirPath = "";
			projectRoot = "";
			targets = (
				745635091D46F7F3003FF09D /* C_DataStructures */,
			);
		};
/* End PBXProject section */

/* Begin PBXSourcesBuildPhase section */
		745635061D46F7F3003FF09D /* Sources */ = {
			isa = PBXSourcesBuildPhase;
			buildActionMask = 2147483647;
			files = (
				745635381D49E11E003FF09D /* BiTree.c in Sources */,
				7456351D1D46F83B003FF09D /* main.c in Sources */,
				7456352C1D49E0A3003FF09D /* SqList.c in Sources */,
				745635321D49E0B3003FF09D /* SLQueue.c in Sources */,
				745635351D49E0BC003FF09D /* SqStack.c in Sources */,
				7456352F1D49E0AB003FF09D /* SNList.c in Sources */,
			);
			runOnlyForDeploymentPostprocessing = 0;
		};
/* End PBXSourcesBuildPhase section */

/* Begin XCBuildConfiguration section */
		7456350F1D46F7F3003FF09D /* Debug */ = {
			isa = XCBuildConfiguration;
			buildSettings = {
				ALWAYS_SEARCH_USER_PATHS = NO;
				CLANG_ANALYZER_NONNULL = YES;
				CLANG_CXX_LANGUAGE_STANDARD = "gnu++0x";
				CLANG_CXX_LIBRARY = "libc++";
				CLANG_ENABLE_MODULES = YES;
				CLANG_ENABLE_OBJC_ARC = YES;
				CLANG_WARN_BOOL_CONVERSION = YES;
				CLANG_WARN_CONSTANT_CONVERSION = YES;
				CLANG_WARN_DIRECT_OBJC_ISA_USAGE = YES_ERROR;
				CLANG_WARN_EMPTY_BODY = YES;
				CLANG_WARN_ENUM_CONVERSION = YES;
				CLANG_WARN_INT_CONVERSION = YES;
				CLANG_WARN_OBJC_ROOT_CLASS = YES_ERROR;
				CLANG_WARN_UNREACHABLE_CODE = YES;
				CLANG_WARN__DUPLICATE_METHOD_MATCH = YES;
				CODE_SIGN_IDENTITY = "-";
				COPY_PHASE_STRIP = NO;
				DEBUG_INFORMATION_FORMAT = dwarf;
				ENABLE_STRICT_OBJC_MSGSEND = YES;
				ENABLE_TESTABILITY = YES;
				GCC_C_LANGUAGE_STANDARD = gnu99;
				GCC_DYNAMIC_NO_PIC = NO;
				GCC_NO_COMMON_BLOCKS = YES;
				GCC_OPTIMIZATION_LEVEL = 0;
				GCC_PREPROCESSOR_DEFINITIONS = (
					"DEBUG=1",
					"$(inherited)",
				);
				GCC_WARN_64_TO_32_BIT_CONVERSION = YES;
				GCC_WARN_ABOUT_RETURN_TYPE = YES_ERROR;
				GCC_WARN_UNDECLARED_SELECTOR = YES;
				GCC_WARN_UNINITIALIZED_AUTOS = YES_AGGRESSIVE;
				GCC_WARN_UNUSED_FUNCTION = YES;
				GCC_WARN_UNUSED_VARIABLE = YES;
				MACOSX_DEPLOYMENT_TARGET = 10.11;
				MTL_ENABLE_DEBUG_INFO = YES;
				ONLY_ACTIVE_ARCH = YES;
				SDKROOT = macosx;
			};
			name = Debug;
		};
		745635101D46F7F3003FF09D /* Release */ = {
			isa = XCBuildConfiguration;
			buildSettings = {
				ALWAYS_SEARCH_USER_PATHS = NO;
				CLANG_ANALYZER_NONNULL = YES;
				CLANG_CXX_LANGUAGE_STANDARD = "gnu++0x";
				CLANG_CXX_LIBRARY = "libc++";
				CLANG_ENABLE_MODULES = YES;
				CLANG_ENABLE_OBJC_ARC = YES;
				CLANG_WARN_BOOL_CONVERSION = YES;
				CLANG_WARN_CONSTANT_CONVERSION = YES;
				CLANG_WARN_DIRECT_OBJC_ISA_USAGE = YES_ERROR;
				CLANG_WARN_EMPTY_BODY = YES;
				CLANG_WARN_ENUM_CONVERSION = YES;
				CLANG_WARN_INT_CONVERSION = YES;
				CLANG_WARN_OBJC_ROOT_CLASS = YES_ERROR;
				CLANG_WARN_UNREACHABLE_CODE = YES;
				CLANG_WARN__DUPLICATE_METHOD_MATCH = YES;
				CODE_SIGN_IDENTITY = "-";
				COPY_PHASE_STRIP = NO;
				DEBUG_INFORMATION_FORMAT = "dwarf-with-dsym";
				ENABLE_NS_ASSERTIONS = NO;
				ENABLE_STRICT_OBJC_MSGSEND = YES;
				GCC_C_LANGUAGE_STANDARD = gnu99;
				GCC_NO_COMMON_BLOCKS = YES;
				GCC_WARN_64_TO_32_BIT_CONVERSION = YES;
				GCC_WARN_ABOUT_RETURN_TYPE = YES_ERROR;
				GCC_WARN_UNDECLARED_SELECTOR = YES;
				GCC_WARN_UNINITIALIZED_AUTOS = YES_AGGRESSIVE;
				GCC_WARN_UNUSED_FUNCTION = YES;
				GCC_WARN_UNUSED_VARIABLE = YES;
				MACOSX_DEPLOYMENT_TARGET = 10.11;
				MTL_ENABLE_DEBUG_INFO = NO;
				SDKROOT = macosx;
			};
			name = Release;
		};
		745635121D46F7F3003FF09D /* Debug */ = {
			isa = XCBuildConfiguration;
			buildSettings = {
				PRODUCT_NAME = "$(TARGET_NAME)";
			};
			name = Debug;
		};
		745635131D46F7F3003FF09D /* Release */ = {
			isa = XCBuildConfiguration;
			buildSettings = {
				PRODUCT_NAME = "$(TARGET_NAME)";
			};
			name = Release;
		};
/* End XCBuildConfiguration section */

/* Begin XCConfigurationList section */
		745635051D46F7F2003FF09D /* Build configuration list for PBXProject "C_DataStructures" */ = {
			isa = XCConfigurationList;
			buildConfigurations = (
				7456350F1D46F7F3003FF09D /* Debug */,
				745635101D46F7F3003FF09D /* Release */,
			);
			defaultConfigurationIsVisible = 0;
			defaultConfigurationName = Release;
		};
		745635111D46F7F3003FF09D /* Build configuration list for PBXNativeTarget "C_DataStructures" */ = {
			isa = XCConfigurationList;
			buildConfigurations = (
				745635121D46F7F3003FF09D /* Debug */,
				745635131D46F7F3003FF09D /* Release */,
			);
			defaultConfigurationIsVisible = 0;
			defaultConfigurationName = Release;
		};
/* End XCConfigurationList section */
	};
	rootObject = 745635021D46F7F2003FF09D /* Project object */;
}
